
Microsoft Visual Studio Solution File, Format Version 12.00
# Visual Studio Version 17
VisualStudioVersion = 17.0.32014.148
MinimumVisualStudioVersion = 10.0.40219.1
Project("{9A19103F-16F7-4668-BE54-9A1E7A4F7556}") = "EmptyDBDotNet5", "EmptyDBDotNet5\EmptyDBDotNet5.csproj", "{6EB56612-B734-42F7-830A-87B5E9A20E65}"
EndProject
Project("{9A19103F-16F7-4668-BE54-9A1E7A4F7556}") = "EmptyDBDotNet6", "EmptyDBDotNet6\EmptyDBDotNet6.csproj", "{16BFC7B6-7E56-438C-8ABC-BF3F105BC0ED}"
EndProject
Project("{9A19103F-16F7-4668-BE54-9A1E7A4F7556}") = "EmptyConsole6", "EmptyConsole6\EmptyConsole6.csproj", "{AFBE7F5D-5152-4DC2-B557-A3EF88E9E0E6}"
EndProject
Project("{9A19103F-16F7-4668-BE54-9A1E7A4F7556}") = "EmptyConsole5", "EmptyConsole5\EmptyConsole5.csproj", "{6F7708E4-F73E-4C5F-A7EF-E592BEC755DA}"
EndProject
Project("{2150E333-8FDC-42A3-9474-1A3956D46DE8}") = "DataBase", "DataBase", "{3E7CF039-276E-460C-BBF2-A3DE32B4EBBD}"
EndProject
Project("{9A19103F-16F7-4668-BE54-9A1E7A4F7556}") = "ConsoleEmpty6", "ConsoleEmpty6\ConsoleEmpty6.csproj", "{257336EA-E3BD-4DE8-9DF1-8ABAD3288A80}"
EndProject
Project("{9A19103F-16F7-4668-BE54-9A1E7A4F7556}") = "ConsoleEmpty5", "ConsoleEmpty5\ConsoleEmpty5.csproj", "{D61A113F-A349-478D-A7AB-DD494B74E8FE}"
EndProject
Project("{2150E333-8FDC-42A3-9474-1A3956D46DE8}") = "Empty", "Empty", "{D9C53891-C5D0-4F31-9730-1F0E5DED218C}"
EndProject
Project("{FAE04EC0-301F-11D3-BF4B-00C04F79EFBC}") = "AutoMapper5", "AutoMapper5\AutoMapper5.csproj", "{49D16556-DE39-4A7A-9770-61EBA7DB832B}"
EndProject
Global
	GlobalSection(SolutionConfigurationPlatforms) = preSolution
		Debug|Any CPU = Debug|Any CPU
		Release|Any CPU = Release|Any CPU
	EndGlobalSection
	GlobalSection(ProjectConfigurationPlatforms) = postSolution
		{6EB56612-B734-42F7-830A-87B5E9A20E65}.Debug|Any CPU.ActiveCfg = Debug|Any CPU
		{6EB56612-B734-42F7-830A-87B5E9A20E65}.Debug|Any CPU.Build.0 = Debug|Any CPU
		{6EB56612-B734-42F7-830A-87B5E9A20E65}.Release|Any CPU.ActiveCfg = Release|Any CPU
		{6EB56612-B734-42F7-830A-87B5E9A20E65}.Release|Any CPU.Build.0 = Release|Any CPU
		{16BFC7B6-7E56-438C-8ABC-BF3F105BC0ED}.Debug|Any CPU.ActiveCfg = Debug|Any CPU
		{16BFC7B6-7E56-438C-8ABC-BF3F105BC0ED}.Debug|Any CPU.Build.0 = Debug|Any CPU
		{16BFC7B6-7E56-438C-8ABC-BF3F105BC0ED}.Release|Any CPU.ActiveCfg = Release|Any CPU
		{16BFC7B6-7E56-438C-8ABC-BF3F105BC0ED}.Release|Any CPU.Build.0 = Release|Any CPU
		{AFBE7F5D-5152-4DC2-B557-A3EF88E9E0E6}.Debug|Any CPU.ActiveCfg = Debug|Any CPU
		{AFBE7F5D-5152-4DC2-B557-A3EF88E9E0E6}.Debug|Any CPU.Build.0 = Debug|Any CPU
		{AFBE7F5D-5152-4DC2-B557-A3EF88E9E0E6}.Release|Any CPU.ActiveCfg = Release|Any CPU
		{AFBE7F5D-5152-4DC2-B557-A3EF88E9E0E6}.Release|Any CPU.Build.0 = Release|Any CPU
		{6F7708E4-F73E-4C5F-A7EF-E592BEC755DA}.Debug|Any CPU.ActiveCfg = Debug|Any CPU
		{6F7708E4-F73E-4C5F-A7EF-E592BEC755DA}.Debug|Any CPU.Build.0 = Debug|Any CPU
		{6F7708E4-F73E-4C5F-A7EF-E592BEC755DA}.Release|Any CPU.ActiveCfg = Release|Any CPU
		{6F7708E4-F73E-4C5F-A7EF-E592BEC755DA}.Release|Any CPU.Build.0 = Release|Any CPU
		{257336EA-E3BD-4DE8-9DF1-8ABAD3288A80}.Debug|Any CPU.ActiveCfg = Debug|Any CPU
		{257336EA-E3BD-4DE8-9DF1-8ABAD3288A80}.Debug|Any CPU.Build.0 = Debug|Any CPU
		{257336EA-E3BD-4DE8-9DF1-8ABAD3288A80}.Release|Any CPU.ActiveCfg = Release|Any CPU
		{257336EA-E3BD-4DE8-9DF1-8ABAD3288A80}.Release|Any CPU.Build.0 = Release|Any CPU
		{D61A113F-A349-478D-A7AB-DD494B74E8FE}.Debug|Any CPU.ActiveCfg = Debug|Any CPU
		{D61A113F-A349-478D-A7AB-DD494B74E8FE}.Debug|Any CPU.Build.0 = Debug|Any CPU
		{D61A113F-A349-478D-A7AB-DD494B74E8FE}.Release|Any CPU.ActiveCfg = Release|Any CPU
		{D61A113F-A349-478D-A7AB-DD494B74E8FE}.Release|Any CPU.Build.0 = Release|Any CPU
		{49D16556-DE39-4A7A-9770-61EBA7DB832B}.Debug|Any CPU.ActiveCfg = Debug|Any CPU
		{49D16556-DE39-4A7A-9770-61EBA7DB832B}.Debug|Any CPU.Build.0 = Debug|Any CPU
		{49D16556-DE39-4A7A-9770-61EBA7DB832B}.Release|Any CPU.ActiveCfg = Release|Any CPU
		{49D16556-DE39-4A7A-9770-61EBA7DB832B}.Release|Any CPU.Build.0 = Release|Any CPU
	EndGlobalSection
	GlobalSection(SolutionProperties) = preSolution
		HideSolutionNode = FALSE
	EndGlobalSection
	GlobalSection(NestedProjects) = preSolution
		{6EB56612-B734-42F7-830A-87B5E9A20E65} = {3E7CF039-276E-460C-BBF2-A3DE32B4EBBD}
		{16BFC7B6-7E56-438C-8ABC-BF3F105BC0ED} = {3E7CF039-276E-460C-BBF2-A3DE32B4EBBD}
		{AFBE7F5D-5152-4DC2-B557-A3EF88E9E0E6} = {3E7CF039-276E-460C-BBF2-A3DE32B4EBBD}
		{6F7708E4-F73E-4C5F-A7EF-E592BEC755DA} = {3E7CF039-276E-460C-BBF2-A3DE32B4EBBD}
		{257336EA-E3BD-4DE8-9DF1-8ABAD3288A80} = {D9C53891-C5D0-4F31-9730-1F0E5DED218C}
		{D61A113F-A349-478D-A7AB-DD494B74E8FE} = {D9C53891-C5D0-4F31-9730-1F0E5DED218C}
	EndGlobalSection
	GlobalSection(ExtensibilityGlobals) = postSolution
		SolutionGuid = {DC73BA8E-0B67-4985-843D-2C30A2845A99}
	EndGlobalSection
EndGlobal
